
Microsoft Visual Studio Solution File, Format Version 12.00
# Visual Studio 15
VisualStudioVersion = 15.0.26228.9
MinimumVisualStudioVersion = 10.0.40219.1
Project("{FAE04EC0-301F-11D3-BF4B-00C04F79EFBC}") = "ConverterLib", "ConverterLib\ConverterLib.csproj", "{3606ADCB-5BE1-46EF-939F-053C01DD014A}"
EndProject
Project("{FAE04EC0-301F-11D3-BF4B-00C04F79EFBC}") = "ConverterConsole", "ConverterConsole\ConverterConsole.csproj", "{7CCEF0D4-9A1E-4479-AB30-FD70411B5B4C}"
EndProject
Project("{FAE04EC0-301F-11D3-BF4B-00C04F79EFBC}") = "ConverterWeb", "ConverterWeb\ConverterWeb.csproj", "{812CE9AB-FD67-493A-B363-3F6EA33C2841}"
EndProject
Global
	GlobalSection(SolutionConfigurationPlatforms) = preSolution
		Debug|Any CPU = Debug|Any CPU
		Release|Any CPU = Release|Any CPU
	EndGlobalSection
	GlobalSection(ProjectConfigurationPlatforms) = postSolution
		{3606ADCB-5BE1-46EF-939F-053C01DD014A}.Debug|Any CPU.ActiveCfg = Debug|Any CPU
		{3606ADCB-5BE1-46EF-939F-053C01DD014A}.Debug|Any CPU.Build.0 = Debug|Any CPU
		{3606ADCB-5BE1-46EF-939F-053C01DD014A}.Release|Any CPU.ActiveCfg = Release|Any CPU
		{3606ADCB-5BE1-46EF-939F-053C01DD014A}.Release|Any CPU.Build.0 = Release|Any CPU
		{7CCEF0D4-9A1E-4479-AB30-FD70411B5B4C}.Debug|Any CPU.ActiveCfg = Debug|Any CPU
		{7CCEF0D4-9A1E-4479-AB30-FD70411B5B4C}.Debug|Any CPU.Build.0 = Debug|Any CPU
		{7CCEF0D4-9A1E-4479-AB30-FD70411B5B4C}.Release|Any CPU.ActiveCfg = Release|Any CPU
		{7CCEF0D4-9A1E-4479-AB30-FD70411B5B4C}.Release|Any CPU.Build.0 = Release|Any CPU
		{812CE9AB-FD67-493A-B363-3F6EA33C2841}.Debug|Any CPU.ActiveCfg = Debug|Any CPU
		{812CE9AB-FD67-493A-B363-3F6EA33C2841}.Debug|Any CPU.Build.0 = Debug|Any CPU
		{812CE9AB-FD67-493A-B363-3F6EA33C2841}.Release|Any CPU.ActiveCfg = Release|Any CPU
		{812CE9AB-FD67-493A-B363-3F6EA33C2841}.Release|Any CPU.Build.0 = Release|Any CPU
	EndGlobalSection
	GlobalSection(SolutionProperties) = preSolution
		HideSolutionNode = FALSE
	EndGlobalSection
EndGlobal
